
Microsoft Visual Studio Solution File, Format Version 12.00
# Visual Studio 15
VisualStudioVersion = 15.0.28307.1231
MinimumVisualStudioVersion = 10.0.40219.1
Project("{FAE04EC0-301F-11D3-BF4B-00C04F79EFBC}") = "Canil_Eduardo", "Canil_Eduardo\Canil_Eduardo.csproj", "{E9872E30-6134-42FA-A8A3-DF2B080EEEE7}"
EndProject
Project("{FAE04EC0-301F-11D3-BF4B-00C04F79EFBC}") = "TesteCanil_Eduardo", "TesteCanil\TesteCanil_Eduardo.csproj", "{3C7EB674-8186-4CDC-8AEA-72024D98513A}"
EndProject
Global
	GlobalSection(SolutionConfigurationPlatforms) = preSolution
		Debug|Any CPU = Debug|Any CPU
		Release|Any CPU = Release|Any CPU
	EndGlobalSection
	GlobalSection(ProjectConfigurationPlatforms) = postSolution
		{E9872E30-6134-42FA-A8A3-DF2B080EEEE7}.Debug|Any CPU.ActiveCfg = Debug|Any CPU
		{E9872E30-6134-42FA-A8A3-DF2B080EEEE7}.Debug|Any CPU.Build.0 = Debug|Any CPU
		{E9872E30-6134-42FA-A8A3-DF2B080EEEE7}.Release|Any CPU.ActiveCfg = Release|Any CPU
		{E9872E30-6134-42FA-A8A3-DF2B080EEEE7}.Release|Any CPU.Build.0 = Release|Any CPU
		{3C7EB674-8186-4CDC-8AEA-72024D98513A}.Debug|Any CPU.ActiveCfg = Debug|Any CPU
		{3C7EB674-8186-4CDC-8AEA-72024D98513A}.Debug|Any CPU.Build.0 = Debug|Any CPU
		{3C7EB674-8186-4CDC-8AEA-72024D98513A}.Release|Any CPU.ActiveCfg = Release|Any CPU
		{3C7EB674-8186-4CDC-8AEA-72024D98513A}.Release|Any CPU.Build.0 = Release|Any CPU
	EndGlobalSection
	GlobalSection(SolutionProperties) = preSolution
		HideSolutionNode = FALSE
	EndGlobalSection
	GlobalSection(ExtensibilityGlobals) = postSolution
		SolutionGuid = {8050F377-270C-4F4B-8BEC-32D96204598A}
	EndGlobalSection
EndGlobal
